
Microsoft Visual Studio Solution File, Format Version 12.00
# Visual Studio Version 17
VisualStudioVersion = 17.0.32014.148
MinimumVisualStudioVersion = 10.0.40219.1
Project("{FAE04EC0-301F-11D3-BF4B-00C04F79EFBC}") = "MsssWindowsManage", "MsssWindowsManage\MsssWindowsManage.csproj", "{5A771E7A-24F0-4131-B7AF-BDC3F575B796}"
EndProject
Global
	GlobalSection(SolutionConfigurationPlatforms) = preSolution
		Debug|Any CPU = Debug|Any CPU
		Release|Any CPU = Release|Any CPU
	EndGlobalSection
	GlobalSection(ProjectConfigurationPlatforms) = postSolution
		{5A771E7A-24F0-4131-B7AF-BDC3F575B796}.Debug|Any CPU.ActiveCfg = Debug|Any CPU
		{5A771E7A-24F0-4131-B7AF-BDC3F575B796}.Debug|Any CPU.Build.0 = Debug|Any CPU
		{5A771E7A-24F0-4131-B7AF-BDC3F575B796}.Release|Any CPU.ActiveCfg = Release|Any CPU
		{5A771E7A-24F0-4131-B7AF-BDC3F575B796}.Release|Any CPU.Build.0 = Release|Any CPU
	EndGlobalSection
	GlobalSection(SolutionProperties) = preSolution
		HideSolutionNode = FALSE
	EndGlobalSection
	GlobalSection(ExtensibilityGlobals) = postSolution
		SolutionGuid = {504DD5DD-56B7-4A85-BB9D-D8D51F38BB37}
	EndGlobalSection
EndGlobal
